
Microsoft Visual Studio Solution File, Format Version 12.00
# Visual Studio Version 18
VisualStudioVersion = 18.0.0.0
MinimumVisualStudioVersion = 10.0.40219.1
Project("{9A19103F-16F7-4668-BE54-9A1E7A4F7556}") = "PolicyPlus", "PolicyPlus.csproj", "{5D36440F-A532-4DA9-826E-2F8DF2FDAEAC}"
EndProject
Project("{FAE04EC0-301F-11D3-BF4B-00C04F79EFBC}") = "PolicyPlus.Tests", "PolicyPlus.Tests\PolicyPlus.Tests.csproj", "{4D8E6563-B75D-4922-9CCE-75B8DA11BA59}"
EndProject
Global
	GlobalSection(SolutionConfigurationPlatforms) = preSolution
		Debug|Any CPU = Debug|Any CPU
		Debug|x64 = Debug|x64
		Debug|x86 = Debug|x86
		Release|Any CPU = Release|Any CPU
		Release|x64 = Release|x64
		Release|x86 = Release|x86
	EndGlobalSection
	GlobalSection(ProjectConfigurationPlatforms) = postSolution
		{5D36440F-A532-4DA9-826E-2F8DF2FDAEAC}.Debug|Any CPU.ActiveCfg = Debug|Any CPU
		{5D36440F-A532-4DA9-826E-2F8DF2FDAEAC}.Debug|Any CPU.Build.0 = Debug|Any CPU
		{5D36440F-A532-4DA9-826E-2F8DF2FDAEAC}.Debug|x64.ActiveCfg = Debug|Any CPU
		{5D36440F-A532-4DA9-826E-2F8DF2FDAEAC}.Debug|x64.Build.0 = Debug|Any CPU
		{5D36440F-A532-4DA9-826E-2F8DF2FDAEAC}.Debug|x86.ActiveCfg = Debug|Any CPU
		{5D36440F-A532-4DA9-826E-2F8DF2FDAEAC}.Debug|x86.Build.0 = Debug|Any CPU
		{5D36440F-A532-4DA9-826E-2F8DF2FDAEAC}.Release|Any CPU.ActiveCfg = Release|Any CPU
		{5D36440F-A532-4DA9-826E-2F8DF2FDAEAC}.Release|Any CPU.Build.0 = Release|Any CPU
		{5D36440F-A532-4DA9-826E-2F8DF2FDAEAC}.Release|x64.ActiveCfg = Release|Any CPU
		{5D36440F-A532-4DA9-826E-2F8DF2FDAEAC}.Release|x64.Build.0 = Release|Any CPU
		{5D36440F-A532-4DA9-826E-2F8DF2FDAEAC}.Release|x86.ActiveCfg = Release|Any CPU
		{5D36440F-A532-4DA9-826E-2F8DF2FDAEAC}.Release|x86.Build.0 = Release|Any CPU
		{4D8E6563-B75D-4922-9CCE-75B8DA11BA59}.Debug|Any CPU.ActiveCfg = Debug|Any CPU
		{4D8E6563-B75D-4922-9CCE-75B8DA11BA59}.Debug|Any CPU.Build.0 = Debug|Any CPU
		{4D8E6563-B75D-4922-9CCE-75B8DA11BA59}.Debug|x64.ActiveCfg = Debug|Any CPU
		{4D8E6563-B75D-4922-9CCE-75B8DA11BA59}.Debug|x64.Build.0 = Debug|Any CPU
		{4D8E6563-B75D-4922-9CCE-75B8DA11BA59}.Debug|x86.ActiveCfg = Debug|Any CPU
		{4D8E6563-B75D-4922-9CCE-75B8DA11BA59}.Debug|x86.Build.0 = Debug|Any CPU
		{4D8E6563-B75D-4922-9CCE-75B8DA11BA59}.Release|Any CPU.ActiveCfg = Release|Any CPU
		{4D8E6563-B75D-4922-9CCE-75B8DA11BA59}.Release|Any CPU.Build.0 = Release|Any CPU
		{4D8E6563-B75D-4922-9CCE-75B8DA11BA59}.Release|x64.ActiveCfg = Release|Any CPU
		{4D8E6563-B75D-4922-9CCE-75B8DA11BA59}.Release|x64.Build.0 = Release|Any CPU
		{4D8E6563-B75D-4922-9CCE-75B8DA11BA59}.Release|x86.ActiveCfg = Release|Any CPU
		{4D8E6563-B75D-4922-9CCE-75B8DA11BA59}.Release|x86.Build.0 = Release|Any CPU
	EndGlobalSection
	GlobalSection(SolutionProperties) = preSolution
		HideSolutionNode = FALSE
	EndGlobalSection
EndGlobal
